// !$*UTF8*$!
{
	archiveVersion = 1;
	classes = {
	};
	objectVersion = 77;
	objects = {
	5A87621B0E43066836426206 /* Security.framework */ = {isa = PBXFileReference; lastKnownFileType = wrapper.framework; name = Security.framework; path = System/Library/Frameworks/Security.framework; sourceTree = SDKROOT; };
	5D19DFB943F12AF6487506E8 /* Security.framework in Frameworks */ = {isa = PBXBuildFile; fileRef = 5A87621B0E43066836426206 /* Security.framework */; };
	54628DF94BA9B9CD246EDB2A /* AppModel.swift */ = {isa = PBXFileReference; fileEncoding = 4; lastKnownFileType = sourcecode.swift; path = AppModel.swift; sourceTree = "<group>"; };
	AAE0584E094A527A032FA4DB /* BlackskyApp.swift */ = {isa = PBXFileReference; fileEncoding = 4; lastKnownFileType = sourcecode.swift; path = BlackskyApp.swift; sourceTree = "<group>"; };
	46DC248ACC9AB914441EB2B4 /* Models.swift */ = {isa = PBXFileReference; fileEncoding = 4; lastKnownFileType = sourcecode.swift; path = Models.swift; sourceTree = "<group>"; };
	73B494771A41E0D4674CAF94 /* BlueskyAPI.swift */ = {isa = PBXFileReference; fileEncoding = 4; lastKnownFileType = sourcecode.swift; path = BlueskyAPI.swift; sourceTree = "<group>"; };
	92CEE52B3CB69D71E28B1625 /* ImageLoader.swift */ = {isa = PBXFileReference; fileEncoding = 4; lastKnownFileType = sourcecode.swift; path = ImageLoader.swift; sourceTree = "<group>"; };
	8E51DBF45614D11AA84C0EC5 /* KeychainStore.swift */ = {isa = PBXFileReference; fileEncoding = 4; lastKnownFileType = sourcecode.swift; path = KeychainStore.swift; sourceTree = "<group>"; };
	E60F2CCC6C7406E1B24EAE2C /* OAuthService.swift */ = {isa = PBXFileReference; fileEncoding = 4; lastKnownFileType = sourcecode.swift; path = OAuthService.swift; sourceTree = "<group>"; };
	A8E48AEA10A73EDD6558FB3D /* FeedViewModel.swift */ = {isa = PBXFileReference; fileEncoding = 4; lastKnownFileType = sourcecode.swift; path = FeedViewModel.swift; sourceTree = "<group>"; };
	1CF5D50C480E69A40608B602 /* FeedView.swift */ = {isa = PBXFileReference; fileEncoding = 4; lastKnownFileType = sourcecode.swift; path = FeedView.swift; sourceTree = "<group>"; };
	E3DAA67D51246B66A1A578FB /* FollowingView.swift */ = {isa = PBXFileReference; fileEncoding = 4; lastKnownFileType = sourcecode.swift; path = FollowingView.swift; sourceTree = "<group>"; };
	D5ADC626D5D9C28FFEBCB4AC /* LoginView.swift */ = {isa = PBXFileReference; fileEncoding = 4; lastKnownFileType = sourcecode.swift; path = LoginView.swift; sourceTree = "<group>"; };
	1DC40C5AC701E9EC305ED677 /* MainShellView.swift */ = {isa = PBXFileReference; fileEncoding = 4; lastKnownFileType = sourcecode.swift; path = MainShellView.swift; sourceTree = "<group>"; };
	A5C8C2AC1929A56E5122B015 /* Info.plist */ = {isa = PBXFileReference; fileEncoding = 4; lastKnownFileType = text.plist.xml; path = Info.plist; sourceTree = "<group>"; };
	6647B957C0BCE26BFBFC83FE /* AppModel.swift in Sources */ = {isa = PBXBuildFile; fileRef = 54628DF94BA9B9CD246EDB2A /* AppModel.swift */; };
	F908DB644882DBEDF86FF4B0 /* BlackskyApp.swift in Sources */ = {isa = PBXBuildFile; fileRef = AAE0584E094A527A032FA4DB /* BlackskyApp.swift */; };
	E3225C55EFA065348A1CBBAD /* Models.swift in Sources */ = {isa = PBXBuildFile; fileRef = 46DC248ACC9AB914441EB2B4 /* Models.swift */; };
	89459741B8703EC57B21F33E /* BlueskyAPI.swift in Sources */ = {isa = PBXBuildFile; fileRef = 73B494771A41E0D4674CAF94 /* BlueskyAPI.swift */; };
	1B75E6A1AC6F375F9CB009D0 /* ImageLoader.swift in Sources */ = {isa = PBXBuildFile; fileRef = 92CEE52B3CB69D71E28B1625 /* ImageLoader.swift */; };
	51E04D8379A6DB36BF561F9F /* KeychainStore.swift in Sources */ = {isa = PBXBuildFile; fileRef = 8E51DBF45614D11AA84C0EC5 /* KeychainStore.swift */; };
	C35CE85FDB49D947AEF4B751 /* OAuthService.swift in Sources */ = {isa = PBXBuildFile; fileRef = E60F2CCC6C7406E1B24EAE2C /* OAuthService.swift */; };
	620D9F055C14AA20FEC50701 /* FeedViewModel.swift in Sources */ = {isa = PBXBuildFile; fileRef = A8E48AEA10A73EDD6558FB3D /* FeedViewModel.swift */; };
	0D4F8294AF00A754B9723DEB /* FeedView.swift in Sources */ = {isa = PBXBuildFile; fileRef = 1CF5D50C480E69A40608B602 /* FeedView.swift */; };
	8DF30A742D7C4BA905AD21B8 /* FollowingView.swift in Sources */ = {isa = PBXBuildFile; fileRef = E3DAA67D51246B66A1A578FB /* FollowingView.swift */; };
	049E269424343BF00E3EA5B7 /* LoginView.swift in Sources */ = {isa = PBXBuildFile; fileRef = D5ADC626D5D9C28FFEBCB4AC /* LoginView.swift */; };
	77468F4361907CD86474E1AA /* MainShellView.swift in Sources */ = {isa = PBXBuildFile; fileRef = 1DC40C5AC701E9EC305ED677 /* MainShellView.swift */; };
	B7A56C9E9F7E1E8E1D4C8A01 /* BlackskyTests.swift */ = {isa = PBXFileReference; fileEncoding = 4; lastKnownFileType = sourcecode.swift; path = BlackskyTests.swift; sourceTree = "<group>"; };
	C8B67D0FA0D2F9F2E5D9B102 /* BlackskyTests.swift in Sources */ = {isa = PBXBuildFile; fileRef = B7A56C9E9F7E1E8E1D4C8A01 /* BlackskyTests.swift */; };
	D8E67AA0C7C7D8E2B0F2F0A1 /* TestDoubles.swift */ = {isa = PBXFileReference; fileEncoding = 4; lastKnownFileType = sourcecode.swift; path = TestDoubles.swift; sourceTree = "<group>"; };
	E9F78BB1D8D8E9F3C1A3F1B2 /* TestDoubles.swift in Sources */ = {isa = PBXBuildFile; fileRef = D8E67AA0C7C7D8E2B0F2F0A1 /* TestDoubles.swift */; };
	F1A2B3C4D5E6F708192A3B4C /* MockData.swift */ = {isa = PBXFileReference; fileEncoding = 4; lastKnownFileType = sourcecode.swift; path = MockData.swift; sourceTree = "<group>"; };
	A1B2C3D4E5F60718293A4B5C /* MockData.swift in Sources */ = {isa = PBXBuildFile; fileRef = F1A2B3C4D5E6F708192A3B4C /* MockData.swift */; };
	3FB3970F3DE00CD05DF940A7 /* blacksky.app */ = {isa = PBXFileReference; explicitFileType = wrapper.application; includeInIndex = 0; path = blacksky.app; sourceTree = BUILT_PRODUCTS_DIR; };
	3F0D8C575B2252916C7444E7 /* blackskyTests.xctest */ = {isa = PBXFileReference; explicitFileType = wrapper.cfbundle; includeInIndex = 0; path = blackskyTests.xctest; sourceTree = BUILT_PRODUCTS_DIR; };
	507A349611DBB42F9CF9069B /* Sources */ = {isa = PBXSourcesBuildPhase; buildActionMask = 2147483647; files = (6647B957C0BCE26BFBFC83FE /* Sources */, F908DB644882DBEDF86FF4B0 /* Sources */, E3225C55EFA065348A1CBBAD /* Sources */, 89459741B8703EC57B21F33E /* Sources */, 1B75E6A1AC6F375F9CB009D0 /* Sources */, 51E04D8379A6DB36BF561F9F /* Sources */, C35CE85FDB49D947AEF4B751 /* Sources */, 620D9F055C14AA20FEC50701 /* Sources */, 0D4F8294AF00A754B9723DEB /* Sources */, 8DF30A742D7C4BA905AD21B8 /* Sources */, 049E269424343BF00E3EA5B7 /* Sources */, 77468F4361907CD86474E1AA /* Sources */, A1B2C3D4E5F60718293A4B5C /* MockData.swift in Sources */); runOnlyForDeploymentPostprocessing = 0; };
	283236DFCBED01B817B33E02 /* Sources */ = {isa = PBXSourcesBuildPhase; buildActionMask = 2147483647; files = (C8B67D0FA0D2F9F2E5D9B102 /* BlackskyTests.swift in Sources */, E9F78BB1D8D8E9F3C1A3F1B2 /* TestDoubles.swift in Sources */); runOnlyForDeploymentPostprocessing = 0; };
	CF5BDB0BEAFE176F9629192A /* Frameworks */ = {isa = PBXFrameworksBuildPhase; buildActionMask = 2147483647; files = (5D19DFB943F12AF6487506E8 /* Security.framework in Frameworks */); runOnlyForDeploymentPostprocessing = 0; };
	C02F1309AF4906C92F1EAD44 /* Resources */ = {isa = PBXResourcesBuildPhase; buildActionMask = 2147483647; files = (); runOnlyForDeploymentPostprocessing = 0; };
	B42D502545165A463D8FD02C /* PBXTargetDependency */ = {isa = PBXTargetDependency; target = F662701396CF460E946F059C /* blacksky */; targetProxy = 8F0C1351BFAAA4CCEE777098; };
	8F0C1351BFAAA4CCEE777098 /* PBXContainerItemProxy */ = {isa = PBXContainerItemProxy; containerPortal = 87B053E7B5AC4F3784AD8553 /* Project object */; proxyType = 1; remoteGlobalIDString = F662701396CF460E946F059C; remoteInfo = blacksky; };
	C149E3BA9989EC909B3C5AEA /* blacksky */ = {isa = PBXGroup; children = (6323DF21AE3A5963C4C1A8B3 /* child */, 0814E17F82C9B35D2C31A7FD /* child */, 16D291B7E411BD82ECEC7BA5 /* child */, 2D03CCE04513C35005EBBC28 /* child */, FFFCFF38465A4C9E66147F26 /* child */, E1F2A3B4C5D6E7F8091A2B3C /* child */, A5C8C2AC1929A56E5122B015 /* child */); name = blacksky; path = blacksky; sourceTree = "<group>"; };
	519A8DF88CB7E13A34895E18 /* blackskyTests */ = {isa = PBXGroup; children = (B7A56C9E9F7E1E8E1D4C8A01 /* BlackskyTests.swift */, D8E67AA0C7C7D8E2B0F2F0A1 /* TestDoubles.swift */); name = blackskyTests; path = blackskyTests; sourceTree = "<group>"; };
	6323DF21AE3A5963C4C1A8B3 /* App */ = {isa = PBXGroup; children = (54628DF94BA9B9CD246EDB2A /* child */, AAE0584E094A527A032FA4DB /* child */); name = App; path = App; sourceTree = "<group>"; };
	0814E17F82C9B35D2C31A7FD /* Domain */ = {isa = PBXGroup; children = (46DC248ACC9AB914441EB2B4 /* child */); name = Domain; path = Domain; sourceTree = "<group>"; };
	16D291B7E411BD82ECEC7BA5 /* Services */ = {isa = PBXGroup; children = (73B494771A41E0D4674CAF94 /* child */, 92CEE52B3CB69D71E28B1625 /* child */, 8E51DBF45614D11AA84C0EC5 /* child */, E60F2CCC6C7406E1B24EAE2C /* child */); name = Services; path = Services; sourceTree = "<group>"; };
	2D03CCE04513C35005EBBC28 /* ViewModels */ = {isa = PBXGroup; children = (A8E48AEA10A73EDD6558FB3D /* child */); name = ViewModels; path = ViewModels; sourceTree = "<group>"; };
	FFFCFF38465A4C9E66147F26 /* Views */ = {isa = PBXGroup; children = (1CF5D50C480E69A40608B602 /* child */, E3DAA67D51246B66A1A578FB /* child */, D5ADC626D5D9C28FFEBCB4AC /* child */, 1DC40C5AC701E9EC305ED677 /* child */); name = Views; path = Views; sourceTree = "<group>"; };
	E1F2A3B4C5D6E7F8091A2B3C /* Preview */ = {isa = PBXGroup; children = (F1A2B3C4D5E6F708192A3B4C /* MockData.swift */); name = Preview; path = Preview; sourceTree = "<group>"; };
	5151B46607EBC8890D8DFCC2 /* Products */ = {isa = PBXGroup; children = (3FB3970F3DE00CD05DF940A7 /* blacksky.app */, 3F0D8C575B2252916C7444E7 /* blackskyTests.xctest */); name = Products; sourceTree = "<group>"; };
	2D17C89EB2C5B87E8B0EC3B6 /* Frameworks */ = {isa = PBXGroup; children = (5A87621B0E43066836426206 /* Security.framework */); name = Frameworks; sourceTree = "<group>"; };
	ADCF10F76EBF2A74473E9DC4 /* Main Group */ = {isa = PBXGroup; children = (C149E3BA9989EC909B3C5AEA /* blacksky */, 519A8DF88CB7E13A34895E18 /* blackskyTests */, 5151B46607EBC8890D8DFCC2 /* Products */, 2D17C89EB2C5B87E8B0EC3B6 /* Frameworks */); sourceTree = "<group>"; };
	A393E557BBA174C592175785 /* Debug */ = {isa = XCBuildConfiguration; buildSettings = { ASSETCATALOG_COMPILER_APPICON_NAME = AppIcon; ENABLE_TESTABILITY = YES; CODE_SIGNING_ALLOWED = NO; CODE_SIGNING_REQUIRED = NO; CURRENT_PROJECT_VERSION = 1; GENERATE_INFOPLIST_FILE = NO; INFOPLIST_FILE = blacksky/Info.plist; MACOSX_DEPLOYMENT_TARGET = 13.0; PRODUCT_BUNDLE_IDENTIFIER = com.blacksky.app; PRODUCT_NAME = blacksky; SWIFT_VERSION = 5.0; }; name = Debug; };
	4848DE5FB3FF960B8E5B63DC /* Release */ = {isa = XCBuildConfiguration; buildSettings = { ASSETCATALOG_COMPILER_APPICON_NAME = AppIcon; ENABLE_TESTABILITY = YES; CODE_SIGNING_ALLOWED = NO; CODE_SIGNING_REQUIRED = NO; CURRENT_PROJECT_VERSION = 1; GENERATE_INFOPLIST_FILE = NO; INFOPLIST_FILE = blacksky/Info.plist; MACOSX_DEPLOYMENT_TARGET = 13.0; PRODUCT_BUNDLE_IDENTIFIER = com.blacksky.app; PRODUCT_NAME = blacksky; SWIFT_VERSION = 5.0; }; name = Release; };
	0D633BD545D878A6647A1EBE /* Debug */ = {isa = XCBuildConfiguration; buildSettings = { BUNDLE_LOADER = "$(TEST_HOST)"; CODE_SIGNING_ALLOWED = NO; CODE_SIGNING_REQUIRED = NO; GENERATE_INFOPLIST_FILE = YES; MACOSX_DEPLOYMENT_TARGET = 13.0; PRODUCT_BUNDLE_IDENTIFIER = com.blacksky.tests; PRODUCT_NAME = "$(TARGET_NAME)"; SWIFT_VERSION = 5.0; TEST_HOST = "$(BUILT_PRODUCTS_DIR)/blacksky.app/Contents/MacOS/blacksky"; }; name = Debug; };
	43ABF9DDFB26DCC1D7D88137 /* Release */ = {isa = XCBuildConfiguration; buildSettings = { BUNDLE_LOADER = "$(TEST_HOST)"; CODE_SIGNING_ALLOWED = NO; CODE_SIGNING_REQUIRED = NO; GENERATE_INFOPLIST_FILE = YES; MACOSX_DEPLOYMENT_TARGET = 13.0; PRODUCT_BUNDLE_IDENTIFIER = com.blacksky.tests; PRODUCT_NAME = "$(TARGET_NAME)"; SWIFT_VERSION = 5.0; TEST_HOST = "$(BUILT_PRODUCTS_DIR)/blacksky.app/Contents/MacOS/blacksky"; }; name = Release; };
	C761B7D49C3C32C5F60E8010 /* Debug */ = {isa = XCBuildConfiguration; buildSettings = { ALWAYS_SEARCH_USER_PATHS = NO; CLANG_ENABLE_MODULES = YES; SWIFT_VERSION = 5.0; MACOSX_DEPLOYMENT_TARGET = 13.0; }; name = Debug; };
	ACCCD85F61979F8ECCA377BC /* Release */ = {isa = XCBuildConfiguration; buildSettings = { ALWAYS_SEARCH_USER_PATHS = NO; CLANG_ENABLE_MODULES = YES; SWIFT_VERSION = 5.0; MACOSX_DEPLOYMENT_TARGET = 13.0; }; name = Release; };
	32995943DE67267A65D32CA9 /* Build configuration list for PBXNativeTarget "blacksky" */ = {isa = XCConfigurationList; buildConfigurations = (A393E557BBA174C592175785 /* Debug */, 4848DE5FB3FF960B8E5B63DC /* Release */); defaultConfigurationIsVisible = 0; defaultConfigurationName = Release; };
	F722E0DC847BA009AE0DBB50 /* Build configuration list for PBXNativeTarget "blackskyTests" */ = {isa = XCConfigurationList; buildConfigurations = (0D633BD545D878A6647A1EBE /* Debug */, 43ABF9DDFB26DCC1D7D88137 /* Release */); defaultConfigurationIsVisible = 0; defaultConfigurationName = Release; };
	12D04D787E90C9B967248BFD /* Build configuration list for PBXProject "blacksky" */ = {isa = XCConfigurationList; buildConfigurations = (C761B7D49C3C32C5F60E8010 /* Debug */, ACCCD85F61979F8ECCA377BC /* Release */); defaultConfigurationIsVisible = 0; defaultConfigurationName = Release; };
	F662701396CF460E946F059C /* blacksky */ = {isa = PBXNativeTarget; buildConfigurationList = 32995943DE67267A65D32CA9 /* Build configuration list for PBXNativeTarget "blacksky" */; buildPhases = (507A349611DBB42F9CF9069B /* Sources */, CF5BDB0BEAFE176F9629192A /* Frameworks */, C02F1309AF4906C92F1EAD44 /* Resources */); buildRules = (); dependencies = (); name = blacksky; productName = blacksky; productReference = 3FB3970F3DE00CD05DF940A7 /* blacksky.app */; productType = "com.apple.product-type.application"; };
	F30FD0B552A573F3CA7607F3 /* blackskyTests */ = {isa = PBXNativeTarget; buildConfigurationList = F722E0DC847BA009AE0DBB50 /* Build configuration list for PBXNativeTarget "blackskyTests" */; buildPhases = (283236DFCBED01B817B33E02 /* Sources */); buildRules = (); dependencies = (B42D502545165A463D8FD02C /* PBXTargetDependency */); name = blackskyTests; productName = blackskyTests; productReference = 3F0D8C575B2252916C7444E7 /* blackskyTests.xctest */; productType = "com.apple.product-type.bundle.unit-test"; };
	87B053E7B5AC4F3784AD8553 /* Project object */ = {isa = PBXProject; attributes = { LastUpgradeCheck = 2620; ORGANIZATIONNAME = blacksky; TargetAttributes = { F662701396CF460E946F059C = { CreatedOnToolsVersion = 26.2; }; F30FD0B552A573F3CA7607F3 = { CreatedOnToolsVersion = 26.2; TestTargetID = F662701396CF460E946F059C; }; }; }; buildConfigurationList = 12D04D787E90C9B967248BFD /* Build configuration list for PBXProject "blacksky" */; compatibilityVersion = "Xcode 3.2"; developmentRegion = en; hasScannedForEncodings = 0; knownRegions = (en, Base); mainGroup = ADCF10F76EBF2A74473E9DC4 /* Main Group */; productRefGroup = 5151B46607EBC8890D8DFCC2 /* Products */; projectDirPath = ""; projectRoot = ""; targets = (F662701396CF460E946F059C /* blacksky */, F30FD0B552A573F3CA7607F3 /* blackskyTests */); };
	};
	rootObject = 87B053E7B5AC4F3784AD8553 /* Project object */;
}
